<?xml version="1.0" encoding="utf-8"?>
<Project ToolsVersion="4.0" xmlns="http://schemas.microsoft.com/developer/msbuild/2003">
  <ItemGroup>
    <Filter Include="Source Files">
      <UniqueIdentifier>{4FC737F1-C7A5-4376-A066-2A32D752A2FF}</UniqueIdentifier>
      <Extensions>cpp;c;cc;cxx;c++;cppm;ixx;def;odl;idl;hpj;bat;asm;asmx</Extensions>
    </Filter>
    <Filter Include="Header Files">
      <UniqueIdentifier>{93995380-89BD-4b04-88EB-625FBE52EBFB}</UniqueIdentifier>
      <Extensions>h;hh;hpp;hxx;h++;hm;inl;inc;ipp;xsd</Extensions>
    </Filter>
    <Filter Include="Resource Files">
      <UniqueIdentifier>{67DA6AB6-F800-4c08-8B7A-83BB121AAD01}</UniqueIdentifier>
      <Extensions>rc;ico;cur;bmp;dlg;rc2;rct;bin;rgs;gif;jpg;jpeg;jpe;resx;tiff;tif;png;wav;mfcribbon-ms</Extensions>
    </Filter>
  </ItemGroup>
  <ItemGroup>
    <ClInclude Include="Compiler\CompileMap.h">
      <Filter>Header Files</Filter>
    </ClInclude>
    <ClInclude Include="Compiler\Compiler.h">
      <Filter>Header Files</Filter>
    </ClInclude>
    <ClInclude Include="Compiler\Registers.h">
      <Filter>Header Files</Filter>
    </ClInclude>
    <ClInclude Include="Compiler\TempVariableMap.h">
      <Filter>Header Files</Filter>
    </ClInclude>
    <ClInclude Include="Compiler\Instructions\Instruction.h">
      <Filter>Header Files</Filter>
    </ClInclude>
    <ClInclude Include="Compiler\Instructions\InstructionBuilder.h">
      <Filter>Header Files</Filter>
    </ClInclude>
    <ClInclude Include="Compiler\Instructions\Operands\Memory.h">
      <Filter>Header Files</Filter>
    </ClInclude>
    <ClInclude Include="Compiler\Instructions\Operands\Operand.h">
      <Filter>Header Files</Filter>
    </ClInclude>
    <ClInclude Include="Compiler\Instructions\Operands\Register.h">
      <Filter>Header Files</Filter>
    </ClInclude>
    <ClInclude Include="Components\Enviroments\Enviroment.h">
      <Filter>Header Files</Filter>
    </ClInclude>
    <ClInclude Include="Components\Enviroments\EnviromentMap.h">
      <Filter>Header Files</Filter>
    </ClInclude>
    <ClInclude Include="Components\Enviroments\FileEnviromentMap.h">
      <Filter>Header Files</Filter>
    </ClInclude>
    <ClInclude Include="Components\Transferable\Transferable.h">
      <Filter>Header Files</Filter>
    </ClInclude>
    <ClInclude Include="Components\Transferable\TransferDynStack.h">
      <Filter>Header Files</Filter>
    </ClInclude>
    <ClInclude Include="Components\Transferable\TransferRegister.h">
      <Filter>Header Files</Filter>
    </ClInclude>
    <ClInclude Include="Components\Transferable\TransferStack.h">
      <Filter>Header Files</Filter>
    </ClInclude>
    <ClInclude Include="Components\Transferable\TransferValue.h">
      <Filter>Header Files</Filter>
    </ClInclude>
    <ClInclude Include="Components\Transferable\TransferVariable.h">
      <Filter>Header Files</Filter>
    </ClInclude>
    <ClInclude Include="Components\Types\Argument.h">
      <Filter>Header Files</Filter>
    </ClInclude>
    <ClInclude Include="Components\Types\Arithmetic.h">
      <Filter>Header Files</Filter>
    </ClInclude>
    <ClInclude Include="Components\Types\Conditional.h">
      <Filter>Header Files</Filter>
    </ClInclude>
    <ClInclude Include="Components\Types\Function.h">
      <Filter>Header Files</Filter>
    </ClInclude>
    <ClInclude Include="Components\Types\FunctionCall.h">
      <Filter>Header Files</Filter>
    </ClInclude>
    <ClInclude Include="Components\Types\LocalVariable.h">
      <Filter>Header Files</Filter>
    </ClInclude>
    <ClInclude Include="Components\Types\TypeElement.h">
      <Filter>Header Files</Filter>
    </ClInclude>
    <ClInclude Include="Components\Types\Variable.h">
      <Filter>Header Files</Filter>
    </ClInclude>
    <ClInclude Include="GlobalInfo\RegisterTypes.h">
      <Filter>Header Files</Filter>
    </ClInclude>
    <ClInclude Include="GlobalInfo\VariableTypes.h">
      <Filter>Header Files</Filter>
    </ClInclude>
    <ClInclude Include="Parser\SyntaxParser.h">
      <Filter>Header Files</Filter>
    </ClInclude>
    <ClInclude Include="Utilities\ArrayBase.h">
      <Filter>Header Files</Filter>
    </ClInclude>
    <ClInclude Include="Utilities\Deflatable.h">
      <Filter>Header Files</Filter>
    </ClInclude>
    <ClInclude Include="Utilities\HashMap.h">
      <Filter>Header Files</Filter>
    </ClInclude>
    <ClInclude Include="Utilities\List.h">
      <Filter>Header Files</Filter>
    </ClInclude>
    <ClInclude Include="Utilities\ManObject.h">
      <Filter>Header Files</Filter>
    </ClInclude>
    <ClInclude Include="Utilities\RefObject.h">
      <Filter>Header Files</Filter>
    </ClInclude>
    <ClInclude Include="Utilities\SimpleUtilities.h">
      <Filter>Header Files</Filter>
    </ClInclude>
    <ClInclude Include="Utilities\Skippable.h">
      <Filter>Header Files</Filter>
    </ClInclude>
    <ClInclude Include="Utilities\StrTok.h">
      <Filter>Header Files</Filter>
    </ClInclude>
    <ClInclude Include="Utilities\x86_x64Shell.h">
      <Filter>Header Files</Filter>
    </ClInclude>
    <ClInclude Include="Utilities\Encapsulable.h">
      <Filter>Header Files</Filter>
    </ClInclude>
    <ClInclude Include="Components\Types\WhileLoop.h">
      <Filter>Header Files</Filter>
    </ClInclude>
    <ClInclude Include="Components\Types\Arithmetic\OperationDef.h">
      <Filter>Header Files</Filter>
    </ClInclude>
    <ClInclude Include="Components\Types\Arithmetic\Operand.h">
      <Filter>Header Files</Filter>
    </ClInclude>
    <ClInclude Include="Components\Types\Arithmetic\TranferOperator.h">
      <Filter>Header Files</Filter>
    </ClInclude>
    <ClInclude Include="Components\Types\Arithmetic\DOOperation.h">
      <Filter>Header Files</Filter>
    </ClInclude>
    <ClInclude Include="Components\Types\Arithmetic\Addition.h">
      <Filter>Header Files</Filter>
    </ClInclude>
    <ClInclude Include="Components\Types\Arithmetic\Subtraction.h">
      <Filter>Header Files</Filter>
    </ClInclude>
    <ClInclude Include="Components\Types\Arithmetic\Equal.h">
      <Filter>Header Files</Filter>
    </ClInclude>
    <ClInclude Include="GlobalInfo\GlobalConstants.h">
      <Filter>Header Files</Filter>
    </ClInclude>
    <ClInclude Include="Components\Types\FunctionReturn.h">
      <Filter>Header Files</Filter>
    </ClInclude>
    <ClInclude Include="Components\Types\Arithmetic\SOOperation.h">
      <Filter>Header Files</Filter>
    </ClInclude>
    <ClInclude Include="Components\Types\Arithmetic\Derefrence.h">
      <Filter>Header Files</Filter>
    </ClInclude>
    <ClInclude Include="Components\Types\Arithmetic\Refrence.h">
      <Filter>Header Files</Filter>
    </ClInclude>
    <ClInclude Include="Compiler\PEBuilder.h">
      <Filter>Header Files</Filter>
    </ClInclude>
    <ClInclude Include="Compiler\CompilerProduct.h">
      <Filter>Header Files</Filter>
    </ClInclude>
  </ItemGroup>
  <ItemGroup>
    <ClCompile Include="Compiler\CompileMap.cpp">
      <Filter>Source Files</Filter>
    </ClCompile>
    <ClCompile Include="Compiler\Compiler.cpp">
      <Filter>Source Files</Filter>
    </ClCompile>
    <ClCompile Include="Compiler\Registers.cpp">
      <Filter>Source Files</Filter>
    </ClCompile>
    <ClCompile Include="Compiler\TempVariableMap.cpp">
      <Filter>Source Files</Filter>
    </ClCompile>
    <ClCompile Include="Compiler\Instructions\Instruction.cpp">
      <Filter>Source Files</Filter>
    </ClCompile>
    <ClCompile Include="Compiler\Instructions\InstructionBuilder.cpp">
      <Filter>Source Files</Filter>
    </ClCompile>
    <ClCompile Include="Compiler\Instructions\Operands\Memory.cpp">
      <Filter>Source Files</Filter>
    </ClCompile>
    <ClCompile Include="Compiler\Instructions\Operands\Operand.cpp">
      <Filter>Source Files</Filter>
    </ClCompile>
    <ClCompile Include="Compiler\Instructions\Operands\Register.cpp">
      <Filter>Source Files</Filter>
    </ClCompile>
    <ClCompile Include="Components\Enviroments\Enviroment.cpp">
      <Filter>Source Files</Filter>
    </ClCompile>
    <ClCompile Include="Components\Enviroments\EnviromentMap.cpp">
      <Filter>Source Files</Filter>
    </ClCompile>
    <ClCompile Include="Components\Enviroments\FileEnviromentMap.cpp">
      <Filter>Source Files</Filter>
    </ClCompile>
    <ClCompile Include="Components\Transferable\Transferable.cpp">
      <Filter>Source Files</Filter>
    </ClCompile>
    <ClCompile Include="Components\Transferable\TransferDynStack.cpp">
      <Filter>Source Files</Filter>
    </ClCompile>
    <ClCompile Include="Components\Transferable\TransferRegister.cpp">
      <Filter>Source Files</Filter>
    </ClCompile>
    <ClCompile Include="Components\Transferable\TransferStack.cpp">
      <Filter>Source Files</Filter>
    </ClCompile>
    <ClCompile Include="Components\Transferable\TransferValue.cpp">
      <Filter>Source Files</Filter>
    </ClCompile>
    <ClCompile Include="Components\Transferable\TransferVariable.cpp">
      <Filter>Source Files</Filter>
    </ClCompile>
    <ClCompile Include="Components\Types\Argument.cpp">
      <Filter>Source Files</Filter>
    </ClCompile>
    <ClCompile Include="Components\Types\Arithmetic.cpp">
      <Filter>Source Files</Filter>
    </ClCompile>
    <ClCompile Include="Components\Types\Conditional.cpp">
      <Filter>Source Files</Filter>
    </ClCompile>
    <ClCompile Include="Components\Types\Function.cpp">
      <Filter>Source Files</Filter>
    </ClCompile>
    <ClCompile Include="Components\Types\FunctionCall.cpp">
      <Filter>Source Files</Filter>
    </ClCompile>
    <ClCompile Include="Components\Types\LocalVariable.cpp">
      <Filter>Source Files</Filter>
    </ClCompile>
    <ClCompile Include="Components\Types\TypeElement.cpp">
      <Filter>Source Files</Filter>
    </ClCompile>
    <ClCompile Include="Components\Types\Variable.cpp">
      <Filter>Source Files</Filter>
    </ClCompile>
    <ClCompile Include="GlobalInfo\VariableTypes.cpp">
      <Filter>Source Files</Filter>
    </ClCompile>
    <ClCompile Include="Parser\SyntaxParser.cpp">
      <Filter>Source Files</Filter>
    </ClCompile>
    <ClCompile Include="main.cpp">
      <Filter>Source Files</Filter>
    </ClCompile>
    <ClCompile Include="Components\Types\WhileLoop.cpp">
      <Filter>Source Files</Filter>
    </ClCompile>
    <ClCompile Include="Components\Types\Arithmetic\OperationDef.cpp">
      <Filter>Source Files</Filter>
    </ClCompile>
    <ClCompile Include="Components\Types\Arithmetic\Operand.cpp">
      <Filter>Source Files</Filter>
    </ClCompile>
    <ClCompile Include="Components\Types\Arithmetic\TranferOperator.cpp">
      <Filter>Source Files</Filter>
    </ClCompile>
    <ClCompile Include="Components\Types\Arithmetic\DOOperation.cpp">
      <Filter>Source Files</Filter>
    </ClCompile>
    <ClCompile Include="Components\Types\Arithmetic\Addition.cpp">
      <Filter>Source Files</Filter>
    </ClCompile>
    <ClCompile Include="Components\Types\Arithmetic\Subtraction.cpp">
      <Filter>Source Files</Filter>
    </ClCompile>
    <ClCompile Include="Components\Types\Arithmetic\Equal.cpp">
      <Filter>Source Files</Filter>
    </ClCompile>
    <ClCompile Include="Components\Types\FunctionReturn.cpp">
      <Filter>Source Files</Filter>
    </ClCompile>
    <ClCompile Include="Components\Types\Arithmetic\SOOperation.cpp">
      <Filter>Source Files</Filter>
    </ClCompile>
    <ClCompile Include="Components\Types\Arithmetic\Derefrence.cpp">
      <Filter>Source Files</Filter>
    </ClCompile>
    <ClCompile Include="Components\Types\Arithmetic\Refrence.cpp">
      <Filter>Source Files</Filter>
    </ClCompile>
    <ClCompile Include="Compiler\PEBuilder.cpp">
      <Filter>Source Files</Filter>
    </ClCompile>
    <ClCompile Include="Compiler\CompilerProduct.cpp">
      <Filter>Source Files</Filter>
    </ClCompile>
  </ItemGroup>
</Project>